
Microsoft Visual Studio Solution File, Format Version 12.00
# Visual Studio Version 16
VisualStudioVersion = 16.0.31129.286
MinimumVisualStudioVersion = 10.0.40219.1
Project("{9A19103F-16F7-4668-BE54-9A1E7A4F7556}") = "Northwind_API", "Northwind_API.csproj", "{01174B06-70B0-4741-94EB-177EA67FEDD3}"
EndProject
Global
	GlobalSection(SolutionConfigurationPlatforms) = preSolution
		Debug|Any CPU = Debug|Any CPU
		Release|Any CPU = Release|Any CPU
	EndGlobalSection
	GlobalSection(ProjectConfigurationPlatforms) = postSolution
		{01174B06-70B0-4741-94EB-177EA67FEDD3}.Debug|Any CPU.ActiveCfg = Debug|Any CPU
		{01174B06-70B0-4741-94EB-177EA67FEDD3}.Debug|Any CPU.Build.0 = Debug|Any CPU
		{01174B06-70B0-4741-94EB-177EA67FEDD3}.Release|Any CPU.ActiveCfg = Release|Any CPU
		{01174B06-70B0-4741-94EB-177EA67FEDD3}.Release|Any CPU.Build.0 = Release|Any CPU
	EndGlobalSection
	GlobalSection(SolutionProperties) = preSolution
		HideSolutionNode = FALSE
	EndGlobalSection
	GlobalSection(ExtensibilityGlobals) = postSolution
		SolutionGuid = {B578F25C-1B98-4DAD-AA50-3DB1BA120CE4}
	EndGlobalSection
EndGlobal
